
Microsoft Visual Studio Solution File, Format Version 12.00
# Visual Studio Version 17
VisualStudioVersion = 17.5.002.0
MinimumVisualStudioVersion = 10.0.40219.1
Project("{9A19103F-16F7-4668-BE54-9A1E7A4F7556}") = "practica11-AlvinRHD", "practica11-AlvinRHD.csproj", "{BBA012B4-0FD3-44D7-8599-C3EA36CFE954}"
EndProject
Global
	GlobalSection(SolutionConfigurationPlatforms) = preSolution
		Debug|Any CPU = Debug|Any CPU
		Release|Any CPU = Release|Any CPU
	EndGlobalSection
	GlobalSection(ProjectConfigurationPlatforms) = postSolution
		{BBA012B4-0FD3-44D7-8599-C3EA36CFE954}.Debug|Any CPU.ActiveCfg = Debug|Any CPU
		{BBA012B4-0FD3-44D7-8599-C3EA36CFE954}.Debug|Any CPU.Build.0 = Debug|Any CPU
		{BBA012B4-0FD3-44D7-8599-C3EA36CFE954}.Release|Any CPU.ActiveCfg = Release|Any CPU
		{BBA012B4-0FD3-44D7-8599-C3EA36CFE954}.Release|Any CPU.Build.0 = Release|Any CPU
	EndGlobalSection
	GlobalSection(SolutionProperties) = preSolution
		HideSolutionNode = FALSE
	EndGlobalSection
	GlobalSection(ExtensibilityGlobals) = postSolution
		SolutionGuid = {31184825-1D09-4C47-BD5A-25F072E31439}
	EndGlobalSection
EndGlobal
